
Microsoft Visual Studio Solution File, Format Version 12.00
# Visual Studio Version 17
VisualStudioVersion = 17.9.34622.214
MinimumVisualStudioVersion = 10.0.40219.1
Project("{FAE04EC0-301F-11D3-BF4B-00C04F79EFBC}") = "Progra620241_Assets_JosueVargasM2", "Progra620241_Assets_JosueVargasM2\Progra620241_Assets_JosueVargasM2.csproj", "{BDD8D4C0-0AA8-417D-A6A7-A60FF50F7831}"
EndProject
Global
	GlobalSection(SolutionConfigurationPlatforms) = preSolution
		Debug|Any CPU = Debug|Any CPU
		Release|Any CPU = Release|Any CPU
	EndGlobalSection
	GlobalSection(ProjectConfigurationPlatforms) = postSolution
		{BDD8D4C0-0AA8-417D-A6A7-A60FF50F7831}.Debug|Any CPU.ActiveCfg = Debug|Any CPU
		{BDD8D4C0-0AA8-417D-A6A7-A60FF50F7831}.Debug|Any CPU.Build.0 = Debug|Any CPU
		{BDD8D4C0-0AA8-417D-A6A7-A60FF50F7831}.Release|Any CPU.ActiveCfg = Release|Any CPU
		{BDD8D4C0-0AA8-417D-A6A7-A60FF50F7831}.Release|Any CPU.Build.0 = Release|Any CPU
	EndGlobalSection
	GlobalSection(SolutionProperties) = preSolution
		HideSolutionNode = FALSE
	EndGlobalSection
	GlobalSection(ExtensibilityGlobals) = postSolution
		SolutionGuid = {CD0AF07F-D202-4A55-9CD3-BB1A0D519B0C}
	EndGlobalSection
EndGlobal
